
Microsoft Visual Studio Solution File, Format Version 12.00
# Visual Studio 14
VisualStudioVersion = 14.0.25420.1
MinimumVisualStudioVersion = 10.0.40219.1
Project("{8BC9CEB8-8B4A-11D0-8D11-00A0C91BC942}") = "GK3", "GK3\GK3.vcxproj", "{278ACCF6-28F5-4744-B407-44207A154E47}"
EndProject
Project("{8BC9CEB8-8B4A-11D0-8D11-00A0C91BC942}") = "GK3_2", "GK3_2\GK3_2.vcxproj", "{ED925309-F948-4271-8D38-9152886D138F}"
EndProject
Project("{8BC9CEB8-8B4A-11D0-8D11-00A0C91BC942}") = "GK3_3", "GK3_3\GK3_3.vcxproj", "{128888EC-B29C-4612-8EF3-EEBE8C7C6F9D}"
EndProject
Project("{8BC9CEB8-8B4A-11D0-8D11-00A0C91BC942}") = "GK3_4", "GK3_4\GK3_4.vcxproj", "{47CEE206-C0E3-4358-9ECC-7066508947C9}"
EndProject
Global
	GlobalSection(SolutionConfigurationPlatforms) = preSolution
		Debug|x64 = Debug|x64
		Debug|x86 = Debug|x86
		Release|x64 = Release|x64
		Release|x86 = Release|x86
	EndGlobalSection
	GlobalSection(ProjectConfigurationPlatforms) = postSolution
		{278ACCF6-28F5-4744-B407-44207A154E47}.Debug|x64.ActiveCfg = Debug|x64
		{278ACCF6-28F5-4744-B407-44207A154E47}.Debug|x64.Build.0 = Debug|x64
		{278ACCF6-28F5-4744-B407-44207A154E47}.Debug|x86.ActiveCfg = Debug|Win32
		{278ACCF6-28F5-4744-B407-44207A154E47}.Debug|x86.Build.0 = Debug|Win32
		{278ACCF6-28F5-4744-B407-44207A154E47}.Release|x64.ActiveCfg = Release|x64
		{278ACCF6-28F5-4744-B407-44207A154E47}.Release|x64.Build.0 = Release|x64
		{278ACCF6-28F5-4744-B407-44207A154E47}.Release|x86.ActiveCfg = Release|Win32
		{278ACCF6-28F5-4744-B407-44207A154E47}.Release|x86.Build.0 = Release|Win32
		{ED925309-F948-4271-8D38-9152886D138F}.Debug|x64.ActiveCfg = Debug|x64
		{ED925309-F948-4271-8D38-9152886D138F}.Debug|x64.Build.0 = Debug|x64
		{ED925309-F948-4271-8D38-9152886D138F}.Debug|x86.ActiveCfg = Debug|Win32
		{ED925309-F948-4271-8D38-9152886D138F}.Debug|x86.Build.0 = Debug|Win32
		{ED925309-F948-4271-8D38-9152886D138F}.Release|x64.ActiveCfg = Release|x64
		{ED925309-F948-4271-8D38-9152886D138F}.Release|x64.Build.0 = Release|x64
		{ED925309-F948-4271-8D38-9152886D138F}.Release|x86.ActiveCfg = Release|Win32
		{ED925309-F948-4271-8D38-9152886D138F}.Release|x86.Build.0 = Release|Win32
		{128888EC-B29C-4612-8EF3-EEBE8C7C6F9D}.Debug|x64.ActiveCfg = Debug|x64
		{128888EC-B29C-4612-8EF3-EEBE8C7C6F9D}.Debug|x64.Build.0 = Debug|x64
		{128888EC-B29C-4612-8EF3-EEBE8C7C6F9D}.Debug|x86.ActiveCfg = Debug|Win32
		{128888EC-B29C-4612-8EF3-EEBE8C7C6F9D}.Debug|x86.Build.0 = Debug|Win32
		{128888EC-B29C-4612-8EF3-EEBE8C7C6F9D}.Release|x64.ActiveCfg = Release|x64
		{128888EC-B29C-4612-8EF3-EEBE8C7C6F9D}.Release|x64.Build.0 = Release|x64
		{128888EC-B29C-4612-8EF3-EEBE8C7C6F9D}.Release|x86.ActiveCfg = Release|Win32
		{128888EC-B29C-4612-8EF3-EEBE8C7C6F9D}.Release|x86.Build.0 = Release|Win32
		{47CEE206-C0E3-4358-9ECC-7066508947C9}.Debug|x64.ActiveCfg = Debug|x64
		{47CEE206-C0E3-4358-9ECC-7066508947C9}.Debug|x64.Build.0 = Debug|x64
		{47CEE206-C0E3-4358-9ECC-7066508947C9}.Debug|x86.ActiveCfg = Debug|Win32
		{47CEE206-C0E3-4358-9ECC-7066508947C9}.Debug|x86.Build.0 = Debug|Win32
		{47CEE206-C0E3-4358-9ECC-7066508947C9}.Release|x64.ActiveCfg = Release|x64
		{47CEE206-C0E3-4358-9ECC-7066508947C9}.Release|x64.Build.0 = Release|x64
		{47CEE206-C0E3-4358-9ECC-7066508947C9}.Release|x86.ActiveCfg = Release|Win32
		{47CEE206-C0E3-4358-9ECC-7066508947C9}.Release|x86.Build.0 = Release|Win32
	EndGlobalSection
	GlobalSection(SolutionProperties) = preSolution
		HideSolutionNode = FALSE
	EndGlobalSection
EndGlobal
